
Microsoft Visual Studio Solution File, Format Version 12.00
# Visual Studio Version 17
VisualStudioVersion = 17.0.31903.59
MinimumVisualStudioVersion = 10.0.40219.1
Project("{FAE04EC0-301F-11D3-BF4B-00C04F79EFBC}") = "Domain", "src\Domain\Domain.csproj", "{ACFCD890-CCA0-4F30-BBEC-39EA2B09AAB2}"
EndProject
Project("{FAE04EC0-301F-11D3-BF4B-00C04F79EFBC}") = "Application", "src\Application\Application.csproj", "{8C02D295-4E13-446D-AFBE-A7B3A11AEEA7}"
EndProject
Project("{FAE04EC0-301F-11D3-BF4B-00C04F79EFBC}") = "Infrastructure", "src\Infrastructure\Infrastructure.csproj", "{E173BABC-0AC4-46AA-B988-E00F08916D36}"
EndProject
Project("{FAE04EC0-301F-11D3-BF4B-00C04F79EFBC}") = "Web.Api", "src\Web.Api\Web.Api.csproj", "{D330E2D2-257B-4B2A-8F99-CD095AB6D75D}"
EndProject
Project("{2150E333-8FDC-42A3-9474-1A3956D46DE8}") = "test", "test", "{8D8FADEB-84B6-4A82-BAFC-C0CDC836812E}"
EndProject
Project("{2150E333-8FDC-42A3-9474-1A3956D46DE8}") = "UnitTest", "UnitTest", "{15779A0E-ECAA-4528-B24B-97F98A689FCF}"
EndProject
Project("{FAE04EC0-301F-11D3-BF4B-00C04F79EFBC}") = "Application.ClienteAccount.UnitTest", "test\UnitTest\Application.ClienteAccount.UnitTest\Application.ClienteAccount.UnitTest.csproj", "{292486C4-CEE2-4E7C-A835-5760C99EB76F}"
EndProject
Global
	GlobalSection(SolutionConfigurationPlatforms) = preSolution
		Debug|Any CPU = Debug|Any CPU
		Release|Any CPU = Release|Any CPU
	EndGlobalSection
	GlobalSection(SolutionProperties) = preSolution
		HideSolutionNode = FALSE
	EndGlobalSection
	GlobalSection(ProjectConfigurationPlatforms) = postSolution
		{ACFCD890-CCA0-4F30-BBEC-39EA2B09AAB2}.Debug|Any CPU.ActiveCfg = Debug|Any CPU
		{ACFCD890-CCA0-4F30-BBEC-39EA2B09AAB2}.Debug|Any CPU.Build.0 = Debug|Any CPU
		{ACFCD890-CCA0-4F30-BBEC-39EA2B09AAB2}.Release|Any CPU.ActiveCfg = Release|Any CPU
		{ACFCD890-CCA0-4F30-BBEC-39EA2B09AAB2}.Release|Any CPU.Build.0 = Release|Any CPU
		{8C02D295-4E13-446D-AFBE-A7B3A11AEEA7}.Debug|Any CPU.ActiveCfg = Debug|Any CPU
		{8C02D295-4E13-446D-AFBE-A7B3A11AEEA7}.Debug|Any CPU.Build.0 = Debug|Any CPU
		{8C02D295-4E13-446D-AFBE-A7B3A11AEEA7}.Release|Any CPU.ActiveCfg = Release|Any CPU
		{8C02D295-4E13-446D-AFBE-A7B3A11AEEA7}.Release|Any CPU.Build.0 = Release|Any CPU
		{E173BABC-0AC4-46AA-B988-E00F08916D36}.Debug|Any CPU.ActiveCfg = Debug|Any CPU
		{E173BABC-0AC4-46AA-B988-E00F08916D36}.Debug|Any CPU.Build.0 = Debug|Any CPU
		{E173BABC-0AC4-46AA-B988-E00F08916D36}.Release|Any CPU.ActiveCfg = Release|Any CPU
		{E173BABC-0AC4-46AA-B988-E00F08916D36}.Release|Any CPU.Build.0 = Release|Any CPU
		{D330E2D2-257B-4B2A-8F99-CD095AB6D75D}.Debug|Any CPU.ActiveCfg = Debug|Any CPU
		{D330E2D2-257B-4B2A-8F99-CD095AB6D75D}.Debug|Any CPU.Build.0 = Debug|Any CPU
		{D330E2D2-257B-4B2A-8F99-CD095AB6D75D}.Release|Any CPU.ActiveCfg = Release|Any CPU
		{D330E2D2-257B-4B2A-8F99-CD095AB6D75D}.Release|Any CPU.Build.0 = Release|Any CPU
		{292486C4-CEE2-4E7C-A835-5760C99EB76F}.Debug|Any CPU.ActiveCfg = Debug|Any CPU
		{292486C4-CEE2-4E7C-A835-5760C99EB76F}.Debug|Any CPU.Build.0 = Debug|Any CPU
		{292486C4-CEE2-4E7C-A835-5760C99EB76F}.Release|Any CPU.ActiveCfg = Release|Any CPU
		{292486C4-CEE2-4E7C-A835-5760C99EB76F}.Release|Any CPU.Build.0 = Release|Any CPU
	EndGlobalSection
	GlobalSection(NestedProjects) = preSolution
		{15779A0E-ECAA-4528-B24B-97F98A689FCF} = {8D8FADEB-84B6-4A82-BAFC-C0CDC836812E}
		{292486C4-CEE2-4E7C-A835-5760C99EB76F} = {15779A0E-ECAA-4528-B24B-97F98A689FCF}
	EndGlobalSection
EndGlobal
